# THIS IS AN AUTOGENERATED FILE. DO NOT EDIT THIS FILE DIRECTLY.
# yarn lockfile v1


date.js@^0.3.3:
  version "0.3.3"
  resolved "https://registry.yarnpkg.com/date.js/-/date.js-0.3.3.tgz#ef1e92332f507a638795dbb985e951882e50bbda"
  integrity sha512-HgigOS3h3k6HnW011nAb43c5xx5rBXk8P2v/WIT9Zv4koIaVXiH2BURguI78VVp+5Qc076T7OR378JViCnZtBw==
  dependencies:
    debug "~3.1.0"

debug@~3.1.0:
  version "3.1.0"
  resolved "https://registry.yarnpkg.com/debug/-/debug-3.1.0.tgz#5bb5a0672628b64149566ba16819e61518c67261"
  integrity sha512-OX8XqP7/1a9cqkxYw2yXss15f26NKWBpDXQd0/uK/KPqdQhxbPa994hnzjcE2VqQpDslf55723cKPUOGSmMY3g==
  dependencies:
    ms "2.0.0"

ms@2.0.0:
  version "2.0.0"
  resolved "https://registry.yarnpkg.com/ms/-/ms-2.0.0.tgz#5608aeadfc00be6c2901df5f9861788de0d597c8"
  integrity sha512-Tpp60P6IUJDTuOq/5Z8cdskzJujfwqfOTkrwIwj7IRISpnkJnT6SyJ4PCPnGMoFjC9ddhal5KVIYtAt97ix05A==
